lockfile_version: '1'
generated_at: '2026-05-03T16:15:27.685378+00:00'
apm_version: 0.12.0
dependencies:
- repo_url: anthropics/skills
  host: github.com
  resolved_commit: d230a6dd6eb1a0dbee9fec55e2f00a96e28dff81
  virtual_path: skills/pdf
  is_virtual: true
  package_type: claude_skill
  deployed_files:
  - .claude/skills/pdf
  content_hash: sha256:69e2ac9eb2bbe2881df26acc53b46b39a15cfda206f5357e5f9c83feb0fadcc7
mcp_servers:
- deepwiki
- parallel-search
mcp_configs:
  deepwiki:
    name: deepwiki
    transport: http
    registry: false
    url: https://mcp.deepwiki.com/mcp
  parallel-search:
    name: parallel-search
    transport: http
    registry: false
    url: https://search-mcp.parallel.ai/mcp
local_deployed_files:
- .claude/agents/find-references.md
- .claude/agents/verify-claims.md
- .claude/agents/wiki-ingest.md
- .claude/agents/wiki-lint.md
- .claude/agents/wiki-query.md
- .claude/rules/research.md
- .claude/rules/wiki.md
- .claude/skills/argdown
- .claude/skills/llm-wiki
local_deployed_file_hashes:
  .claude/agents/find-references.md: sha256:5a5feb518b0a5d4bdbfaaca6f8829afa4f1540559fc77da7d8ca91ba92660fb2
  .claude/agents/verify-claims.md: sha256:6c901e5e0a7dfa44c4a8be9812410c8ce83879dde6517ea5d6c5999977f004d3
  .claude/agents/wiki-ingest.md: sha256:ceb6b97864343d768698defaa3486c680d176d8de39a4fc3ef39218c216411e7
  .claude/agents/wiki-lint.md: sha256:c22d927f6c8b833efec92069d22ec06a25fef88f2ad96b28345cfd0d6a06a2ff
  .claude/agents/wiki-query.md: sha256:de35badcc6adfcdf981f4e4e7bfbd258799f7cfd2d2b32e7abbf759af4c846ba
  .claude/rules/research.md: sha256:e71094deedb877895caf643da94b18e7410ab77b77e0467647e67e91a14ea18f
  .claude/rules/wiki.md: sha256:15ec6aece580c7e1dac017d698009ec454b6c048adaaf8ae2b11bfc28f2aaf9a
